
Microsoft Visual Studio Solution File, Format Version 12.00
# Visual Studio Version 17
VisualStudioVersion = 17.4.33103.184
MinimumVisualStudioVersion = 10.0.40219.1
Project("{FAE04EC0-301F-11D3-BF4B-00C04F79EFBC}") = "MicrophoneController2", "MicrophoneController2\MicrophoneController2.csproj", "{131BCFAB-390B-40FC-9BEC-C422032D24B9}"
EndProject
Global
	GlobalSection(SolutionConfigurationPlatforms) = preSolution
		Debug|Any CPU = Debug|Any CPU
		Release|Any CPU = Release|Any CPU
	EndGlobalSection
	GlobalSection(ProjectConfigurationPlatforms) = postSolution
		{131BCFAB-390B-40FC-9BEC-C422032D24B9}.Debug|Any CPU.ActiveCfg = Debug|Any CPU
		{131BCFAB-390B-40FC-9BEC-C422032D24B9}.Debug|Any CPU.Build.0 = Debug|Any CPU
		{131BCFAB-390B-40FC-9BEC-C422032D24B9}.Release|Any CPU.ActiveCfg = Release|Any CPU
		{131BCFAB-390B-40FC-9BEC-C422032D24B9}.Release|Any CPU.Build.0 = Release|Any CPU
	EndGlobalSection
	GlobalSection(SolutionProperties) = preSolution
		HideSolutionNode = FALSE
	EndGlobalSection
	GlobalSection(ExtensibilityGlobals) = postSolution
		SolutionGuid = {BADE3E89-A4B3-417F-BB09-23A37BD4909F}
	EndGlobalSection
EndGlobal
